
Microsoft Visual Studio Solution File, Format Version 12.00
# Visual Studio Version 17
VisualStudioVersion = 17.1.32210.238
MinimumVisualStudioVersion = 10.0.40219.1
Project("{FAE04EC0-301F-11D3-BF4B-00C04F79EFBC}") = "UC3", "UC3\UC3.csproj", "{4BA7453C-6FAA-4F6D-9D2C-B7EB17A0E99D}"
EndProject
Global
	GlobalSection(SolutionConfigurationPlatforms) = preSolution
		Debug|Any CPU = Debug|Any CPU
		Release|Any CPU = Release|Any CPU
	EndGlobalSection
	GlobalSection(ProjectConfigurationPlatforms) = postSolution
		{4BA7453C-6FAA-4F6D-9D2C-B7EB17A0E99D}.Debug|Any CPU.ActiveCfg = Debug|Any CPU
		{4BA7453C-6FAA-4F6D-9D2C-B7EB17A0E99D}.Debug|Any CPU.Build.0 = Debug|Any CPU
		{4BA7453C-6FAA-4F6D-9D2C-B7EB17A0E99D}.Release|Any CPU.ActiveCfg = Release|Any CPU
		{4BA7453C-6FAA-4F6D-9D2C-B7EB17A0E99D}.Release|Any CPU.Build.0 = Release|Any CPU
	EndGlobalSection
	GlobalSection(SolutionProperties) = preSolution
		HideSolutionNode = FALSE
	EndGlobalSection
	GlobalSection(ExtensibilityGlobals) = postSolution
		SolutionGuid = {E952DF6F-49E5-464D-B8C6-DE3855A1F6E7}
	EndGlobalSection
EndGlobal
